
Microsoft Visual Studio Solution File, Format Version 12.00
# Visual Studio 15
VisualStudioVersion = 15.0.27130.2010
MinimumVisualStudioVersion = 10.0.40219.1
Project("{2150E333-8FDC-42A3-9474-1A3956D46DE8}") = "src", "src", "{25D729D4-F572-48EB-AF37-BCC338BE0E7B}"
EndProject
Project("{FAE04EC0-301F-11D3-BF4B-00C04F79EFBC}") = "ApplicationCore", "src\ApplicationCore\ApplicationCore.csproj", "{BEB82B46-3521-4CE0-9FFA-D6DDAED93D9C}"
EndProject
Project("{FAE04EC0-301F-11D3-BF4B-00C04F79EFBC}") = "Infrastructure", "src\Infrastructure\Infrastructure.csproj", "{41B52F5B-2428-48F2-B6A1-3BD645FD0DD4}"
EndProject
Project("{FAE04EC0-301F-11D3-BF4B-00C04F79EFBC}") = "Web", "src\Web\Web.csproj", "{C0F80F96-C171-4E41-8315-1CE9B6438BF2}"
EndProject
Project("{2150E333-8FDC-42A3-9474-1A3956D46DE8}") = "tests", "tests", "{7144C8B3-4170-4E44-B3B9-46C658FCAC1B}"
EndProject
Global
	GlobalSection(SolutionConfigurationPlatforms) = preSolution
		Debug|Any CPU = Debug|Any CPU
		Release|Any CPU = Release|Any CPU
	EndGlobalSection
	GlobalSection(ProjectConfigurationPlatforms) = postSolution
		{BEB82B46-3521-4CE0-9FFA-D6DDAED93D9C}.Debug|Any CPU.ActiveCfg = Debug|Any CPU
		{BEB82B46-3521-4CE0-9FFA-D6DDAED93D9C}.Debug|Any CPU.Build.0 = Debug|Any CPU
		{BEB82B46-3521-4CE0-9FFA-D6DDAED93D9C}.Release|Any CPU.ActiveCfg = Release|Any CPU
		{BEB82B46-3521-4CE0-9FFA-D6DDAED93D9C}.Release|Any CPU.Build.0 = Release|Any CPU
		{41B52F5B-2428-48F2-B6A1-3BD645FD0DD4}.Debug|Any CPU.ActiveCfg = Debug|Any CPU
		{41B52F5B-2428-48F2-B6A1-3BD645FD0DD4}.Debug|Any CPU.Build.0 = Debug|Any CPU
		{41B52F5B-2428-48F2-B6A1-3BD645FD0DD4}.Release|Any CPU.ActiveCfg = Release|Any CPU
		{41B52F5B-2428-48F2-B6A1-3BD645FD0DD4}.Release|Any CPU.Build.0 = Release|Any CPU
		{C0F80F96-C171-4E41-8315-1CE9B6438BF2}.Debug|Any CPU.ActiveCfg = Debug|Any CPU
		{C0F80F96-C171-4E41-8315-1CE9B6438BF2}.Debug|Any CPU.Build.0 = Debug|Any CPU
		{C0F80F96-C171-4E41-8315-1CE9B6438BF2}.Release|Any CPU.ActiveCfg = Release|Any CPU
		{C0F80F96-C171-4E41-8315-1CE9B6438BF2}.Release|Any CPU.Build.0 = Release|Any CPU
	EndGlobalSection
	GlobalSection(SolutionProperties) = preSolution
		HideSolutionNode = FALSE
	EndGlobalSection
	GlobalSection(NestedProjects) = preSolution
		{BEB82B46-3521-4CE0-9FFA-D6DDAED93D9C} = {25D729D4-F572-48EB-AF37-BCC338BE0E7B}
		{41B52F5B-2428-48F2-B6A1-3BD645FD0DD4} = {25D729D4-F572-48EB-AF37-BCC338BE0E7B}
		{C0F80F96-C171-4E41-8315-1CE9B6438BF2} = {25D729D4-F572-48EB-AF37-BCC338BE0E7B}
	EndGlobalSection
	GlobalSection(ExtensibilityGlobals) = postSolution
		SolutionGuid = {A9B9CDF1-B0B0-4F8A-9254-3022E7751C2C}
	EndGlobalSection
EndGlobal
